
Microsoft Visual Studio Solution File, Format Version 12.00
# Visual Studio 15
VisualStudioVersion = 15.0.27428.2015
MinimumVisualStudioVersion = 10.0.40219.1
Project("{8BC9CEB8-8B4A-11D0-8D11-00A0C91BC942}") = "Reminder_APP", "Reminder_APP.vcproj", "{4AB3362C-BEF2-4D9F-B93A-DAFDCA3A9B69}"
EndProject
Global
	GlobalSection(SolutionConfigurationPlatforms) = preSolution
		Debug|Win32 = Debug|Win32
		Release|Win32 = Release|Win32
	EndGlobalSection
	GlobalSection(ProjectConfigurationPlatforms) = postSolution
		{4AB3362C-BEF2-4D9F-B93A-DAFDCA3A9B69}.Debug|Win32.ActiveCfg = Debug|Win32
		{4AB3362C-BEF2-4D9F-B93A-DAFDCA3A9B69}.Debug|Win32.Build.0 = Debug|Win32
		{4AB3362C-BEF2-4D9F-B93A-DAFDCA3A9B69}.Release|Win32.ActiveCfg = Release|Win32
		{4AB3362C-BEF2-4D9F-B93A-DAFDCA3A9B69}.Release|Win32.Build.0 = Release|Win32
	EndGlobalSection
	GlobalSection(SolutionProperties) = preSolution
		HideSolutionNode = FALSE
	EndGlobalSection
	GlobalSection(ExtensibilityGlobals) = postSolution
		SolutionGuid = {A98D2FC4-1C36-42A0-ACCC-2DAD1178679C}
	EndGlobalSection
EndGlobal
